
Microsoft Visual Studio Solution File, Format Version 12.00
# Visual Studio Version 16
VisualStudioVersion = 16.0.30523.141
MinimumVisualStudioVersion = 10.0.40219.1
Project("{FAE04EC0-301F-11D3-BF4B-00C04F79EFBC}") = "SimpleCalculator", "SimpleCalculator\SimpleCalculator.csproj", "{38A1B136-B554-48F7-B5CE-1A4830F58D68}"
EndProject
Project("{FAE04EC0-301F-11D3-BF4B-00C04F79EFBC}") = "SimpleCalculator.Test.Unit", "UnitTests\SimpleCalculator.Test.Unit\SimpleCalculator.Test.Unit.csproj", "{8745DD59-74DE-4155-A0E0-EA4215FB9C69}"
EndProject
Global
	GlobalSection(SolutionConfigurationPlatforms) = preSolution
		Debug|Any CPU = Debug|Any CPU
		Release|Any CPU = Release|Any CPU
	EndGlobalSection
	GlobalSection(ProjectConfigurationPlatforms) = postSolution
		{38A1B136-B554-48F7-B5CE-1A4830F58D68}.Debug|Any CPU.ActiveCfg = Debug|Any CPU
		{38A1B136-B554-48F7-B5CE-1A4830F58D68}.Debug|Any CPU.Build.0 = Debug|Any CPU
		{38A1B136-B554-48F7-B5CE-1A4830F58D68}.Release|Any CPU.ActiveCfg = Release|Any CPU
		{38A1B136-B554-48F7-B5CE-1A4830F58D68}.Release|Any CPU.Build.0 = Release|Any CPU
		{8745DD59-74DE-4155-A0E0-EA4215FB9C69}.Debug|Any CPU.ActiveCfg = Debug|Any CPU
		{8745DD59-74DE-4155-A0E0-EA4215FB9C69}.Debug|Any CPU.Build.0 = Debug|Any CPU
		{8745DD59-74DE-4155-A0E0-EA4215FB9C69}.Release|Any CPU.ActiveCfg = Release|Any CPU
		{8745DD59-74DE-4155-A0E0-EA4215FB9C69}.Release|Any CPU.Build.0 = Release|Any CPU
	EndGlobalSection
	GlobalSection(SolutionProperties) = preSolution
		HideSolutionNode = FALSE
	EndGlobalSection
	GlobalSection(ExtensibilityGlobals) = postSolution
		SolutionGuid = {B10AAD9B-381F-4A7E-83B3-CBE9429797DF}
	EndGlobalSection
EndGlobal
